// !$*UTF8*$!
{
	archiveVersion = 1;
	classes = {
	};
	objectVersion = 51;
	objects = {

/* Begin PBXBuildFile section */
		46ED4CDF18984FD1B79D8E3A /* Pods_WeatherStoryboardTests.framework in Frameworks */ = {isa = PBXBuildFile; fileRef = 18B033D579320CE55B42C93E /* Pods_WeatherStoryboardTests.framework */; };
		5F0EC7AE90FA338095E064CA /* Pods_WeatherStoryboard.framework in Frameworks */ = {isa = PBXBuildFile; fileRef = FE0F66C38C5E123D61B2ECB8 /* Pods_WeatherStoryboard.framework */; };
		9D572EEFC60B6000080AA7AF /* Pods_WeatherStoryboard_WeatherStoryboardUITests.framework in Frameworks */ = {isa = PBXBuildFile; fileRef = 05E55FFA8FE0BCB1B621CE55 /* Pods_WeatherStoryboard_WeatherStoryboardUITests.framework */; };
		B80409CE2792D63300A973B8 /* RoundedTextField.swift in Sources */ = {isa = PBXBuildFile; fileRef = B80409CD2792D63300A973B8 /* RoundedTextField.swift */; };
		B81AF11F27E4AD9E00360BD6 /* BottomSheetViewController.swift in Sources */ = {isa = PBXBuildFile; fileRef = B81AF11E27E4AD9E00360BD6 /* BottomSheetViewController.swift */; };
		B81AF12127E4B58C00360BD6 /* BottomViewController.swift in Sources */ = {isa = PBXBuildFile; fileRef = B81AF12027E4B58C00360BD6 /* BottomViewController.swift */; };
		B83E615027774781006B23DD /* AppDelegate.swift in Sources */ = {isa = PBXBuildFile; fileRef = B83E614F27774781006B23DD /* AppDelegate.swift */; };
		B83E615427774781006B23DD /* HomeViewController.swift in Sources */ = {isa = PBXBuildFile; fileRef = B83E615327774781006B23DD /* HomeViewController.swift */; };
		B83E615727774781006B23DD /* Main.storyboard in Resources */ = {isa = PBXBuildFile; fileRef = B83E615527774781006B23DD /* Main.storyboard */; };
		B83E615927774782006B23DD /* Assets.xcassets in Resources */ = {isa = PBXBuildFile; fileRef = B83E615827774782006B23DD /* Assets.xcassets */; };
		B83E615C27774782006B23DD /* LaunchScreen.storyboard in Resources */ = {isa = PBXBuildFile; fileRef = B83E615A27774782006B23DD /* LaunchScreen.storyboard */; };
		B83E616727774782006B23DD /* WeatherStoryboardTests.swift in Sources */ = {isa = PBXBuildFile; fileRef = B83E616627774782006B23DD /* WeatherStoryboardTests.swift */; };
		B83E617227774782006B23DD /* WeatherStoryboardUITests.swift in Sources */ = {isa = PBXBuildFile; fileRef = B83E617127774782006B23DD /* WeatherStoryboardUITests.swift */; };
		B83E618C27774869006B23DD /* OneCallResponse.swift in Sources */ = {isa = PBXBuildFile; fileRef = B83E618B27774869006B23DD /* OneCallResponse.swift */; };
		B83E618E27774881006B23DD /* WeatherSummary.swift in Sources */ = {isa = PBXBuildFile; fileRef = B83E618D27774881006B23DD /* WeatherSummary.swift */; };
		B83E619027774889006B23DD /* WeatherError.swift in Sources */ = {isa = PBXBuildFile; fileRef = B83E618F27774889006B23DD /* WeatherError.swift */; };
		B83E6192277748CD006B23DD /* DataManager.swift in Sources */ = {isa = PBXBuildFile; fileRef = B83E6191277748CD006B23DD /* DataManager.swift */; };
		B83E619427774A7C006B23DD /* CurrentViewController.swift in Sources */ = {isa = PBXBuildFile; fileRef = B83E619327774A7C006B23DD /* CurrentViewController.swift */; };
		B842131927E9F94300F1238A /* BottomSheetViewController.xib in Resources */ = {isa = PBXBuildFile; fileRef = B842131727E9F94300F1238A /* BottomSheetViewController.xib */; };
		B842131C27E9F94900F1238A /* BottomViewController.xib in Resources */ = {isa = PBXBuildFile; fileRef = B842131A27E9F94900F1238A /* BottomViewController.xib */; };
		B842131E27EA068700F1238A /* MDCBottomViewController.swift in Sources */ = {isa = PBXBuildFile; fileRef = B842131D27EA068700F1238A /* MDCBottomViewController.swift */; };
		B842132027EA076900F1238A /* ReactionViewController.swift in Sources */ = {isa = PBXBuildFile; fileRef = B842131F27EA076900F1238A /* ReactionViewController.swift */; };
		B848EEC727DE04EA005C8038 /* FiveDayWeatherResponse.swift in Sources */ = {isa = PBXBuildFile; fileRef = B848EEC627DE04EA005C8038 /* FiveDayWeatherResponse.swift */; };
		B848EEC927DE0F1D005C8038 /* FiveDayWeatherSummary.swift in Sources */ = {isa = PBXBuildFile; fileRef = B848EEC827DE0F1D005C8038 /* FiveDayWeatherSummary.swift */; };
		B870614B279BFD1500DFB70B /* WeatherSummaryViewModel.swift in Sources */ = {isa = PBXBuildFile; fileRef = B870614A279BFD1500DFB70B /* WeatherSummaryViewModel.swift */; };
		B870614D279BFD4200DFB70B /* CurrentSummaryViewModel.swift in Sources */ = {isa = PBXBuildFile; fileRef = B870614C279BFD4200DFB70B /* CurrentSummaryViewModel.swift */; };
		B870614F279BFD5500DFB70B /* DaySummaryViewModel.swift in Sources */ = {isa = PBXBuildFile; fileRef = B870614E279BFD5500DFB70B /* DaySummaryViewModel.swift */; };
		B8706151279BFD6B00DFB70B /* HourSummaryViewModel.swift in Sources */ = {isa = PBXBuildFile; fileRef = B8706150279BFD6B00DFB70B /* HourSummaryViewModel.swift */; };
		B880CF2027E0BDC20020D681 /* FiveDayWeatherViewModel.swift in Sources */ = {isa = PBXBuildFile; fileRef = B880CF1F27E0BDC20020D681 /* FiveDayWeatherViewModel.swift */; };
		B8D3CE5B27B7CD03007D2BC5 /* CustomTableViewCell.swift in Sources */ = {isa = PBXBuildFile; fileRef = B8D3CE5A27B7CD03007D2BC5 /* CustomTableViewCell.swift */; };
		B8EC953827DB86C300CAA8D4 /* HomeTabBarController.swift in Sources */ = {isa = PBXBuildFile; fileRef = B8EC953727DB86C300CAA8D4 /* HomeTabBarController.swift */; };
/* End PBXBuildFile section */

/* Begin PBXContainerItemProxy section */
		B83E616327774782006B23DD /* PBXContainerItemProxy */ = {
			isa = PBXContainerItemProxy;
			containerPortal = B83E614427774781006B23DD /* Project object */;
			proxyType = 1;
			remoteGlobalIDString = B83E614B27774781006B23DD;
			remoteInfo = WeatherStoryboard;
		};
		B83E616E27774782006B23DD /* PBXContainerItemProxy */ = {
			isa = PBXContainerItemProxy;
			containerPortal = B83E614427774781006B23DD /* Project object */;
			proxyType = 1;
			remoteGlobalIDString = B83E614B27774781006B23DD;
			remoteInfo = WeatherStoryboard;
		};
/* End PBXContainerItemProxy section */

/* Begin PBXFileReference section */
		04623402A2338D75689C4A5B /* Pods-WeatherStoryboardTests.debug.xcconfig */ = {isa = PBXFileReference; includeInIndex = 1; lastKnownFileType = text.xcconfig; name = "Pods-WeatherStoryboardTests.debug.xcconfig"; path = "Target Support Files/Pods-WeatherStoryboardTests/Pods-WeatherStoryboardTests.debug.xcconfig"; sourceTree = "<group>"; };
		05E55FFA8FE0BCB1B621CE55 /* Pods_WeatherStoryboard_WeatherStoryboardUITests.framework */ = {isa = PBXFileReference; explicitFileType = wrapper.framework; includeInIndex = 0; path = Pods_WeatherStoryboard_WeatherStoryboardUITests.framework; sourceTree = BUILT_PRODUCTS_DIR; };
		09A26ABAD6CDB93EF0D74362 /* Pods-WeatherStoryboard.release.xcconfig */ = {isa = PBXFileReference; includeInIndex = 1; lastKnownFileType = text.xcconfig; name = "Pods-WeatherStoryboard.release.xcconfig"; path = "Target Support Files/Pods-WeatherStoryboard/Pods-WeatherStoryboard.release.xcconfig"; sourceTree = "<group>"; };
		0AF9CD0A4751D353282EFB53 /* Pods-WeatherStoryboard.debug.xcconfig */ = {isa = PBXFileReference; includeInIndex = 1; lastKnownFileType = text.xcconfig; name = "Pods-WeatherStoryboard.debug.xcconfig"; path = "Target Support Files/Pods-WeatherStoryboard/Pods-WeatherStoryboard.debug.xcconfig"; sourceTree = "<group>"; };
		1702278B104D735AF619F827 /* Pods-WeatherStoryboardTests.release.xcconfig */ = {isa = PBXFileReference; includeInIndex = 1; lastKnownFileType = text.xcconfig; name = "Pods-WeatherStoryboardTests.release.xcconfig"; path = "Target Support Files/Pods-WeatherStoryboardTests/Pods-WeatherStoryboardTests.release.xcconfig"; sourceTree = "<group>"; };
		18B033D579320CE55B42C93E /* Pods_WeatherStoryboardTests.framework */ = {isa = PBXFileReference; explicitFileType = wrapper.framework; includeInIndex = 0; path = Pods_WeatherStoryboardTests.framework; sourceTree = BUILT_PRODUCTS_DIR; };
		752D7959A0AFBC55570FE475 /* Pods-WeatherStoryboard-WeatherStoryboardUITests.debug.xcconfig */ = {isa = PBXFileReference; includeInIndex = 1; lastKnownFileType = text.xcconfig; name = "Pods-WeatherStoryboard-WeatherStoryboardUITests.debug.xcconfig"; path = "Target Support Files/Pods-WeatherStoryboard-WeatherStoryboardUITests/Pods-WeatherStoryboard-WeatherStoryboardUITests.debug.xcconfig"; sourceTree = "<group>"; };
		B80409CD2792D63300A973B8 /* RoundedTextField.swift */ = {isa = PBXFileReference; lastKnownFileType = sourcecode.swift; path = RoundedTextField.swift; sourceTree = "<group>"; };
		B81AF11E27E4AD9E00360BD6 /* BottomSheetViewController.swift */ = {isa = PBXFileReference; lastKnownFileType = sourcecode.swift; path = BottomSheetViewController.swift; sourceTree = "<group>"; };
		B81AF12027E4B58C00360BD6 /* BottomViewController.swift */ = {isa = PBXFileReference; lastKnownFileType = sourcecode.swift; path = BottomViewController.swift; sourceTree = "<group>"; };
		B83E614C27774781006B23DD /* WeatherStoryboard.app */ = {isa = PBXFileReference; explicitFileType = wrapper.application; includeInIndex = 0; path = WeatherStoryboard.app; sourceTree = BUILT_PRODUCTS_DIR; };
		B83E614F27774781006B23DD /* AppDelegate.swift */ = {isa = PBXFileReference; lastKnownFileType = sourcecode.swift; path = AppDelegate.swift; sourceTree = "<group>"; };
		B83E615327774781006B23DD /* HomeViewController.swift */ = {isa = PBXFileReference; lastKnownFileType = sourcecode.swift; path = HomeViewController.swift; sourceTree = "<group>"; };
		B83E615627774781006B23DD /* Base */ = {isa = PBXFileReference; lastKnownFileType = file.storyboard; name = Base; path = Base.lproj/Main.storyboard; sourceTree = "<group>"; };
		B83E615827774782006B23DD /* Assets.xcassets */ = {isa = PBXFileReference; lastKnownFileType = folder.assetcatalog; path = Assets.xcassets; sourceTree = "<group>"; };
		B83E615B27774782006B23DD /* Base */ = {isa = PBXFileReference; lastKnownFileType = file.storyboard; name = Base; path = Base.lproj/LaunchScreen.storyboard; sourceTree = "<group>"; };
		B83E615D27774782006B23DD /* Info.plist */ = {isa = PBXFileReference; lastKnownFileType = text.plist.xml; path = Info.plist; sourceTree = "<group>"; };
		B83E616227774782006B23DD /* WeatherStoryboardTests.xctest */ = {isa = PBXFileReference; explicitFileType = wrapper.cfbundle; includeInIndex = 0; path = WeatherStoryboardTests.xctest; sourceTree = BUILT_PRODUCTS_DIR; };
		B83E616627774782006B23DD /* WeatherStoryboardTests.swift */ = {isa = PBXFileReference; lastKnownFileType = sourcecode.swift; path = WeatherStoryboardTests.swift; sourceTree = "<group>"; };
		B83E616827774782006B23DD /* Info.plist */ = {isa = PBXFileReference; lastKnownFileType = text.plist.xml; path = Info.plist; sourceTree = "<group>"; };
		B83E616D27774782006B23DD /* WeatherStoryboardUITests.xctest */ = {isa = PBXFileReference; explicitFileType = wrapper.cfbundle; includeInIndex = 0; path = WeatherStoryboardUITests.xctest; sourceTree = BUILT_PRODUCTS_DIR; };
		B83E617127774782006B23DD /* WeatherStoryboardUITests.swift */ = {isa = PBXFileReference; lastKnownFileType = sourcecode.swift; path = WeatherStoryboardUITests.swift; sourceTree = "<group>"; };
		B83E617327774782006B23DD /* Info.plist */ = {isa = PBXFileReference; lastKnownFileType = text.plist.xml; path = Info.plist; sourceTree = "<group>"; };
		B83E618B27774869006B23DD /* OneCallResponse.swift */ = {isa = PBXFileReference; lastKnownFileType = sourcecode.swift; path = OneCallResponse.swift; sourceTree = "<group>"; };
		B83E618D27774881006B23DD /* WeatherSummary.swift */ = {isa = PBXFileReference; lastKnownFileType = sourcecode.swift; path = WeatherSummary.swift; sourceTree = "<group>"; };
		B83E618F27774889006B23DD /* WeatherError.swift */ = {isa = PBXFileReference; lastKnownFileType = sourcecode.swift; path = WeatherError.swift; sourceTree = "<group>"; };
		B83E6191277748CD006B23DD /* DataManager.swift */ = {isa = PBXFileReference; lastKnownFileType = sourcecode.swift; path = DataManager.swift; sourceTree = "<group>"; };
		B83E619327774A7C006B23DD /* CurrentViewController.swift */ = {isa = PBXFileReference; lastKnownFileType = sourcecode.swift; path = CurrentViewController.swift; sourceTree = "<group>"; };
		B842131827E9F94300F1238A /* Base */ = {isa = PBXFileReference; lastKnownFileType = file.xib; name = Base; path = Base.lproj/BottomSheetViewController.xib; sourceTree = "<group>"; };
		B842131B27E9F94900F1238A /* Base */ = {isa = PBXFileReference; lastKnownFileType = file.xib; name = Base; path = Base.lproj/BottomViewController.xib; sourceTree = "<group>"; };
		B842131D27EA068700F1238A /* MDCBottomViewController.swift */ = {isa = PBXFileReference; lastKnownFileType = sourcecode.swift; path = MDCBottomViewController.swift; sourceTree = "<group>"; };
		B842131F27EA076900F1238A /* ReactionViewController.swift */ = {isa = PBXFileReference; lastKnownFileType = sourcecode.swift; path = ReactionViewController.swift; sourceTree = "<group>"; };
		B848EEC627DE04EA005C8038 /* FiveDayWeatherResponse.swift */ = {isa = PBXFileReference; lastKnownFileType = sourcecode.swift; path = FiveDayWeatherResponse.swift; sourceTree = "<group>"; };
		B848EEC827DE0F1D005C8038 /* FiveDayWeatherSummary.swift */ = {isa = PBXFileReference; lastKnownFileType = sourcecode.swift; path = FiveDayWeatherSummary.swift; sourceTree = "<group>"; };
		B870614A279BFD1500DFB70B /* WeatherSummaryViewModel.swift */ = {isa = PBXFileReference; lastKnownFileType = sourcecode.swift; path = WeatherSummaryViewModel.swift; sourceTree = "<group>"; };
		B870614C279BFD4200DFB70B /* CurrentSummaryViewModel.swift */ = {isa = PBXFileReference; lastKnownFileType = sourcecode.swift; path = CurrentSummaryViewModel.swift; sourceTree = "<group>"; };
		B870614E279BFD5500DFB70B /* DaySummaryViewModel.swift */ = {isa = PBXFileReference; lastKnownFileType = sourcecode.swift; path = DaySummaryViewModel.swift; sourceTree = "<group>"; };
		B8706150279BFD6B00DFB70B /* HourSummaryViewModel.swift */ = {isa = PBXFileReference; lastKnownFileType = sourcecode.swift; path = HourSummaryViewModel.swift; sourceTree = "<group>"; };
		B880CF1F27E0BDC20020D681 /* FiveDayWeatherViewModel.swift */ = {isa = PBXFileReference; lastKnownFileType = sourcecode.swift; path = FiveDayWeatherViewModel.swift; sourceTree = "<group>"; };
		B8D3CE5A27B7CD03007D2BC5 /* CustomTableViewCell.swift */ = {isa = PBXFileReference; lastKnownFileType = sourcecode.swift; path = CustomTableViewCell.swift; sourceTree = "<group>"; };
		B8EC953727DB86C300CAA8D4 /* HomeTabBarController.swift */ = {isa = PBXFileReference; lastKnownFileType = sourcecode.swift; path = HomeTabBarController.swift; sourceTree = "<group>"; };
		DD32ED42C64C6B72809A29B8 /* Pods-WeatherStoryboard-WeatherStoryboardUITests.release.xcconfig */ = {isa = PBXFileReference; includeInIndex = 1; lastKnownFileType = text.xcconfig; name = "Pods-WeatherStoryboard-WeatherStoryboardUITests.release.xcconfig"; path = "Target Support Files/Pods-WeatherStoryboard-WeatherStoryboardUITests/Pods-WeatherStoryboard-WeatherStoryboardUITests.release.xcconfig"; sourceTree = "<group>"; };
		FE0F66C38C5E123D61B2ECB8 /* Pods_WeatherStoryboard.framework */ = {isa = PBXFileReference; explicitFileType = wrapper.framework; includeInIndex = 0; path = Pods_WeatherStoryboard.framework; sourceTree = BUILT_PRODUCTS_DIR; };
/* End PBXFileReference section */

/* Begin PBXFrameworksBuildPhase section */
		B83E614927774781006B23DD /* Frameworks */ = {
			isa = PBXFrameworksBuildPhase;
			buildActionMask = 2147483647;
			files = (
				5F0EC7AE90FA338095E064CA /* Pods_WeatherStoryboard.framework in Frameworks */,
			);
			runOnlyForDeploymentPostprocessing = 0;
		};
		B83E615F27774782006B23DD /* Frameworks */ = {
			isa = PBXFrameworksBuildPhase;
			buildActionMask = 2147483647;
			files = (
				46ED4CDF18984FD1B79D8E3A /* Pods_WeatherStoryboardTests.framework in Frameworks */,
			);
			runOnlyForDeploymentPostprocessing = 0;
		};
		B83E616A27774782006B23DD /* Frameworks */ = {
			isa = PBXFrameworksBuildPhase;
			buildActionMask = 2147483647;
			files = (
				9D572EEFC60B6000080AA7AF /* Pods_WeatherStoryboard_WeatherStoryboardUITests.framework in Frameworks */,
			);
			runOnlyForDeploymentPostprocessing = 0;
		};
/* End PBXFrameworksBuildPhase section */

/* Begin PBXGroup section */
		6A768CD716C6644E0580AA9E /* Pods */ = {
			isa = PBXGroup;
			children = (
				0AF9CD0A4751D353282EFB53 /* Pods-WeatherStoryboard.debug.xcconfig */,
				09A26ABAD6CDB93EF0D74362 /* Pods-WeatherStoryboard.release.xcconfig */,
				752D7959A0AFBC55570FE475 /* Pods-WeatherStoryboard-WeatherStoryboardUITests.debug.xcconfig */,
				DD32ED42C64C6B72809A29B8 /* Pods-WeatherStoryboard-WeatherStoryboardUITests.release.xcconfig */,
				04623402A2338D75689C4A5B /* Pods-WeatherStoryboardTests.debug.xcconfig */,
				1702278B104D735AF619F827 /* Pods-WeatherStoryboardTests.release.xcconfig */,
			);
			path = Pods;
			sourceTree = "<group>";
		};
		AB7FCDBF7858D32885543544 /* Frameworks */ = {
			isa = PBXGroup;
			children = (
				FE0F66C38C5E123D61B2ECB8 /* Pods_WeatherStoryboard.framework */,
				05E55FFA8FE0BCB1B621CE55 /* Pods_WeatherStoryboard_WeatherStoryboardUITests.framework */,
				18B033D579320CE55B42C93E /* Pods_WeatherStoryboardTests.framework */,
			);
			name = Frameworks;
			sourceTree = "<group>";
		};
		B83E614327774781006B23DD = {
			isa = PBXGroup;
			children = (
				B83E614E27774781006B23DD /* WeatherStoryboard */,
				B83E616527774782006B23DD /* WeatherStoryboardTests */,
				B83E617027774782006B23DD /* WeatherStoryboardUITests */,
				B83E614D27774781006B23DD /* Products */,
				6A768CD716C6644E0580AA9E /* Pods */,
				AB7FCDBF7858D32885543544 /* Frameworks */,
			);
			sourceTree = "<group>";
		};
		B83E614D27774781006B23DD /* Products */ = {
			isa = PBXGroup;
			children = (
				B83E614C27774781006B23DD /* WeatherStoryboard.app */,
				B83E616227774782006B23DD /* WeatherStoryboardTests.xctest */,
				B83E616D27774782006B23DD /* WeatherStoryboardUITests.xctest */,
			);
			name = Products;
			sourceTree = "<group>";
		};
		B83E614E27774781006B23DD /* WeatherStoryboard */ = {
			isa = PBXGroup;
			children = (
				B83E618A277747D4006B23DD /* Support */,
				B83E617F2777479C006B23DD /* Sources */,
				B83E615827774782006B23DD /* Assets.xcassets */,
				B83E615D27774782006B23DD /* Info.plist */,
			);
			path = WeatherStoryboard;
			sourceTree = "<group>";
		};
		B83E616527774782006B23DD /* WeatherStoryboardTests */ = {
			isa = PBXGroup;
			children = (
				B83E616627774782006B23DD /* WeatherStoryboardTests.swift */,
				B83E616827774782006B23DD /* Info.plist */,
			);
			path = WeatherStoryboardTests;
			sourceTree = "<group>";
		};
		B83E617027774782006B23DD /* WeatherStoryboardUITests */ = {
			isa = PBXGroup;
			children = (
				B83E617127774782006B23DD /* WeatherStoryboardUITests.swift */,
				B83E617327774782006B23DD /* Info.plist */,
			);
			path = WeatherStoryboardUITests;
			sourceTree = "<group>";
		};
		B83E617F2777479C006B23DD /* Sources */ = {
			isa = PBXGroup;
			children = (
				B8706149279BFCFF00DFB70B /* ViewModel */,
				B83E619627774D11006B23DD /* StoryBoard */,
				B83E619527774CF3006B23DD /* ViewController */,
				B83E6181277747AE006B23DD /* DataManager */,
				B83E6180277747A4006B23DD /* Models */,
			);
			path = Sources;
			sourceTree = "<group>";
		};
		B83E6180277747A4006B23DD /* Models */ = {
			isa = PBXGroup;
			children = (
				B83E618B27774869006B23DD /* OneCallResponse.swift */,
				B83E618D27774881006B23DD /* WeatherSummary.swift */,
				B83E618F27774889006B23DD /* WeatherError.swift */,
				B848EEC627DE04EA005C8038 /* FiveDayWeatherResponse.swift */,
				B848EEC827DE0F1D005C8038 /* FiveDayWeatherSummary.swift */,
			);
			path = Models;
			sourceTree = "<group>";
		};
		B83E6181277747AE006B23DD /* DataManager */ = {
			isa = PBXGroup;
			children = (
				B83E6191277748CD006B23DD /* DataManager.swift */,
			);
			path = DataManager;
			sourceTree = "<group>";
		};
		B83E618A277747D4006B23DD /* Support */ = {
			isa = PBXGroup;
			children = (
				B83E614F27774781006B23DD /* AppDelegate.swift */,
			);
			path = Support;
			sourceTree = "<group>";
		};
		B83E619527774CF3006B23DD /* ViewController */ = {
			isa = PBXGroup;
			children = (
				B83E619327774A7C006B23DD /* CurrentViewController.swift */,
				B83E615327774781006B23DD /* HomeViewController.swift */,
				B80409CD2792D63300A973B8 /* RoundedTextField.swift */,
				B8D3CE5A27B7CD03007D2BC5 /* CustomTableViewCell.swift */,
				B8EC953727DB86C300CAA8D4 /* HomeTabBarController.swift */,
				B81AF11E27E4AD9E00360BD6 /* BottomSheetViewController.swift */,
				B81AF12027E4B58C00360BD6 /* BottomViewController.swift */,
				B842131D27EA068700F1238A /* MDCBottomViewController.swift */,
				B842131F27EA076900F1238A /* ReactionViewController.swift */,
			);
			path = ViewController;
			sourceTree = "<group>";
		};
		B83E619627774D11006B23DD /* StoryBoard */ = {
			isa = PBXGroup;
			children = (
				B842131A27E9F94900F1238A /* BottomViewController.xib */,
				B842131727E9F94300F1238A /* BottomSheetViewController.xib */,
				B83E615527774781006B23DD /* Main.storyboard */,
				B83E615A27774782006B23DD /* LaunchScreen.storyboard */,
			);
			path = StoryBoard;
			sourceTree = "<group>";
		};
		B8706149279BFCFF00DFB70B /* ViewModel */ = {
			isa = PBXGroup;
			children = (
				B870614A279BFD1500DFB70B /* WeatherSummaryViewModel.swift */,
				B870614C279BFD4200DFB70B /* CurrentSummaryViewModel.swift */,
				B870614E279BFD5500DFB70B /* DaySummaryViewModel.swift */,
				B8706150279BFD6B00DFB70B /* HourSummaryViewModel.swift */,
				B880CF1F27E0BDC20020D681 /* FiveDayWeatherViewModel.swift */,
			);
			path = ViewModel;
			sourceTree = "<group>";
		};
/* End PBXGroup section */

/* Begin PBXNativeTarget section */
		B83E614B27774781006B23DD /* WeatherStoryboard */ = {
			isa = PBXNativeTarget;
			buildConfigurationList = B83E617627774782006B23DD /* Build configuration list for PBXNativeTarget "WeatherStoryboard" */;
			buildPhases = (
				5697CC9ED5A919A1F4E6BFF2 /* [CP] Check Pods Manifest.lock */,
				B83E614827774781006B23DD /* Sources */,
				B83E614927774781006B23DD /* Frameworks */,
				B83E614A27774781006B23DD /* Resources */,
				AFD5DAC523C88A2395EDDFBC /* [CP] Embed Pods Frameworks */,
			);
			buildRules = (
			);
			dependencies = (
			);
			name = WeatherStoryboard;
			productName = WeatherStoryboard;
			productReference = B83E614C27774781006B23DD /* WeatherStoryboard.app */;
			productType = "com.apple.product-type.application";
		};
		B83E616127774782006B23DD /* WeatherStoryboardTests */ = {
			isa = PBXNativeTarget;
			buildConfigurationList = B83E617927774782006B23DD /* Build configuration list for PBXNativeTarget "WeatherStoryboardTests" */;
			buildPhases = (
				ABA118B4C1423EE700A44C33 /* [CP] Check Pods Manifest.lock */,
				B83E615E27774782006B23DD /* Sources */,
				B83E615F27774782006B23DD /* Frameworks */,
				B83E616027774782006B23DD /* Resources */,
			);
			buildRules = (
			);
			dependencies = (
				B83E616427774782006B23DD /* PBXTargetDependency */,
			);
			name = WeatherStoryboardTests;
			productName = WeatherStoryboardTests;
			productReference = B83E616227774782006B23DD /* WeatherStoryboardTests.xctest */;
			productType = "com.apple.product-type.bundle.unit-test";
		};
		B83E616C27774782006B23DD /* WeatherStoryboardUITests */ = {
			isa = PBXNativeTarget;
			buildConfigurationList = B83E617C27774782006B23DD /* Build configuration list for PBXNativeTarget "WeatherStoryboardUITests" */;
			buildPhases = (
				AD2DFD365751D8287C12CF8B /* [CP] Check Pods Manifest.lock */,
				B83E616927774782006B23DD /* Sources */,
				B83E616A27774782006B23DD /* Frameworks */,
				B83E616B27774782006B23DD /* Resources */,
				5EE3B474EDB3ABD3155D5218 /* [CP] Embed Pods Frameworks */,
			);
			buildRules = (
			);
			dependencies = (
				B83E616F27774782006B23DD /* PBXTargetDependency */,
			);
			name = WeatherStoryboardUITests;
			productName = WeatherStoryboardUITests;
			productReference = B83E616D27774782006B23DD /* WeatherStoryboardUITests.xctest */;
			productType = "com.apple.product-type.bundle.ui-testing";
		};
/* End PBXNativeTarget section */

/* Begin PBXProject section */
		B83E614427774781006B23DD /* Project object */ = {
			isa = PBXProject;
			attributes = {
				LastSwiftUpdateCheck = 1250;
				LastUpgradeCheck = 1250;
				TargetAttributes = {
					B83E614B27774781006B23DD = {
						CreatedOnToolsVersion = 12.5;
					};
					B83E616127774782006B23DD = {
						CreatedOnToolsVersion = 12.5;
						TestTargetID = B83E614B27774781006B23DD;
					};
					B83E616C27774782006B23DD = {
						CreatedOnToolsVersion = 12.5;
						TestTargetID = B83E614B27774781006B23DD;
					};
				};
			};
			buildConfigurationList = B83E614727774781006B23DD /* Build configuration list for PBXProject "WeatherStoryboard" */;
			compatibilityVersion = "Xcode 9.3";
			developmentRegion = en;
			hasScannedForEncodings = 0;
			knownRegions = (
				en,
				Base,
			);
			mainGroup = B83E614327774781006B23DD;
			productRefGroup = B83E614D27774781006B23DD /* Products */;
			projectDirPath = "";
			projectRoot = "";
			targets = (
				B83E614B27774781006B23DD /* WeatherStoryboard */,
				B83E616127774782006B23DD /* WeatherStoryboardTests */,
				B83E616C27774782006B23DD /* WeatherStoryboardUITests */,
			);
		};
/* End PBXProject section */

/* Begin PBXResourcesBuildPhase section */
		B83E614A27774781006B23DD /* Resources */ = {
			isa = PBXResourcesBuildPhase;
			buildActionMask = 2147483647;
			files = (
				B83E615C27774782006B23DD /* LaunchScreen.storyboard in Resources */,
				B83E615927774782006B23DD /* Assets.xcassets in Resources */,
				B83E615727774781006B23DD /* Main.storyboard in Resources */,
				B842131927E9F94300F1238A /* BottomSheetViewController.xib in Resources */,
				B842131C27E9F94900F1238A /* BottomViewController.xib in Resources */,
			);
			runOnlyForDeploymentPostprocessing = 0;
		};
		B83E616027774782006B23DD /* Resources */ = {
			isa = PBXResourcesBuildPhase;
			buildActionMask = 2147483647;
			files = (
			);
			runOnlyForDeploymentPostprocessing = 0;
		};
		B83E616B27774782006B23DD /* Resources */ = {
			isa = PBXResourcesBuildPhase;
			buildActionMask = 2147483647;
			files = (
			);
			runOnlyForDeploymentPostprocessing = 0;
		};
/* End PBXResourcesBuildPhase section */

/* Begin PBXShellScriptBuildPhase section */
		5697CC9ED5A919A1F4E6BFF2 /* [CP] Check Pods Manifest.lock */ = {
			isa = PBXShellScriptBuildPhase;
			buildActionMask = 2147483647;
			files = (
			);
			inputFileListPaths = (
			);
			inputPaths = (
				"${PODS_PODFILE_DIR_PATH}/Podfile.lock",
				"${PODS_ROOT}/Manifest.lock",
			);
			name = "[CP] Check Pods Manifest.lock";
			outputFileListPaths = (
			);
			outputPaths = (
				"$(DERIVED_FILE_DIR)/Pods-WeatherStoryboard-checkManifestLockResult.txt",
			);
			runOnlyForDeploymentPostprocessing = 0;
			shellPath = /bin/sh;
			shellScript = "diff \"${PODS_PODFILE_DIR_PATH}/Podfile.lock\" \"${PODS_ROOT}/Manifest.lock\" > /dev/null\nif [ $? != 0 ] ; then\n    # print error to STDERR\n    echo \"error: The sandbox is not in sync with the Podfile.lock. Run 'pod install' or update your CocoaPods installation.\" >&2\n    exit 1\nfi\n# This output is used by Xcode 'outputs' to avoid re-running this script phase.\necho \"SUCCESS\" > \"${SCRIPT_OUTPUT_FILE_0}\"\n";
			showEnvVarsInLog = 0;
		};
		5EE3B474EDB3ABD3155D5218 /* [CP] Embed Pods Frameworks */ = {
			isa = PBXShellScriptBuildPhase;
			buildActionMask = 2147483647;
			files = (
			);
			inputFileListPaths = (
				"${PODS_ROOT}/Target Support Files/Pods-WeatherStoryboard-WeatherStoryboardUITests/Pods-WeatherStoryboard-WeatherStoryboardUITests-frameworks-${CONFIGURATION}-input-files.xcfilelist",
			);
			name = "[CP] Embed Pods Frameworks";
			outputFileListPaths = (
				"${PODS_ROOT}/Target Support Files/Pods-WeatherStoryboard-WeatherStoryboardUITests/Pods-WeatherStoryboard-WeatherStoryboardUITests-frameworks-${CONFIGURATION}-output-files.xcfilelist",
			);
			runOnlyForDeploymentPostprocessing = 0;
			shellPath = /bin/sh;
			shellScript = "\"${PODS_ROOT}/Target Support Files/Pods-WeatherStoryboard-WeatherStoryboardUITests/Pods-WeatherStoryboard-WeatherStoryboardUITests-frameworks.sh\"\n";
			showEnvVarsInLog = 0;
		};
		ABA118B4C1423EE700A44C33 /* [CP] Check Pods Manifest.lock */ = {
			isa = PBXShellScriptBuildPhase;
			buildActionMask = 2147483647;
			files = (
			);
			inputFileListPaths = (
			);
			inputPaths = (
				"${PODS_PODFILE_DIR_PATH}/Podfile.lock",
				"${PODS_ROOT}/Manifest.lock",
			);
			name = "[CP] Check Pods Manifest.lock";
			outputFileListPaths = (
			);
			outputPaths = (
				"$(DERIVED_FILE_DIR)/Pods-WeatherStoryboardTests-checkManifestLockResult.txt",
			);
			runOnlyForDeploymentPostprocessing = 0;
			shellPath = /bin/sh;
			shellScript = "diff \"${PODS_PODFILE_DIR_PATH}/Podfile.lock\" \"${PODS_ROOT}/Manifest.lock\" > /dev/null\nif [ $? != 0 ] ; then\n    # print error to STDERR\n    echo \"error: The sandbox is not in sync with the Podfile.lock. Run 'pod install' or update your CocoaPods installation.\" >&2\n    exit 1\nfi\n# This output is used by Xcode 'outputs' to avoid re-running this script phase.\necho \"SUCCESS\" > \"${SCRIPT_OUTPUT_FILE_0}\"\n";
			showEnvVarsInLog = 0;
		};
		AD2DFD365751D8287C12CF8B /* [CP] Check Pods Manifest.lock */ = {
			isa = PBXShellScriptBuildPhase;
			buildActionMask = 2147483647;
			files = (
			);
			inputFileListPaths = (
			);
			inputPaths = (
				"${PODS_PODFILE_DIR_PATH}/Podfile.lock",
				"${PODS_ROOT}/Manifest.lock",
			);
			name = "[CP] Check Pods Manifest.lock";
			outputFileListPaths = (
			);
			outputPaths = (
				"$(DERIVED_FILE_DIR)/Pods-WeatherStoryboard-WeatherStoryboardUITests-checkManifestLockResult.txt",
			);
			runOnlyForDeploymentPostprocessing = 0;
			shellPath = /bin/sh;
			shellScript = "diff \"${PODS_PODFILE_DIR_PATH}/Podfile.lock\" \"${PODS_ROOT}/Manifest.lock\" > /dev/null\nif [ $? != 0 ] ; then\n    # print error to STDERR\n    echo \"error: The sandbox is not in sync with the Podfile.lock. Run 'pod install' or update your CocoaPods installation.\" >&2\n    exit 1\nfi\n# This output is used by Xcode 'outputs' to avoid re-running this script phase.\necho \"SUCCESS\" > \"${SCRIPT_OUTPUT_FILE_0}\"\n";
			showEnvVarsInLog = 0;
		};
		AFD5DAC523C88A2395EDDFBC /* [CP] Embed Pods Frameworks */ = {
			isa = PBXShellScriptBuildPhase;
			buildActionMask = 2147483647;
			files = (
			);
			inputFileListPaths = (
				"${PODS_ROOT}/Target Support Files/Pods-WeatherStoryboard/Pods-WeatherStoryboard-frameworks-${CONFIGURATION}-input-files.xcfilelist",
			);
			name = "[CP] Embed Pods Frameworks";
			outputFileListPaths = (
				"${PODS_ROOT}/Target Support Files/Pods-WeatherStoryboard/Pods-WeatherStoryboard-frameworks-${CONFIGURATION}-output-files.xcfilelist",
			);
			runOnlyForDeploymentPostprocessing = 0;
			shellPath = /bin/sh;
			shellScript = "\"${PODS_ROOT}/Target Support Files/Pods-WeatherStoryboard/Pods-WeatherStoryboard-frameworks.sh\"\n";
			showEnvVarsInLog = 0;
		};
/* End PBXShellScriptBuildPhase section */

/* Begin PBXSourcesBuildPhase section */
		B83E614827774781006B23DD /* Sources */ = {
			isa = PBXSourcesBuildPhase;
			buildActionMask = 2147483647;
			files = (
				B842132027EA076900F1238A /* ReactionViewController.swift in Sources */,
				B83E619427774A7C006B23DD /* CurrentViewController.swift in Sources */,
				B81AF11F27E4AD9E00360BD6 /* BottomSheetViewController.swift in Sources */,
				B870614D279BFD4200DFB70B /* CurrentSummaryViewModel.swift in Sources */,
				B8EC953827DB86C300CAA8D4 /* HomeTabBarController.swift in Sources */,
				B842131E27EA068700F1238A /* MDCBottomViewController.swift in Sources */,
				B83E615427774781006B23DD /* HomeViewController.swift in Sources */,
				B83E6192277748CD006B23DD /* DataManager.swift in Sources */,
				B8706151279BFD6B00DFB70B /* HourSummaryViewModel.swift in Sources */,
				B870614F279BFD5500DFB70B /* DaySummaryViewModel.swift in Sources */,
				B83E618E27774881006B23DD /* WeatherSummary.swift in Sources */,
				B81AF12127E4B58C00360BD6 /* BottomViewController.swift in Sources */,
				B848EEC727DE04EA005C8038 /* FiveDayWeatherResponse.swift in Sources */,
				B83E618C27774869006B23DD /* OneCallResponse.swift in Sources */,
				B83E615027774781006B23DD /* AppDelegate.swift in Sources */,
				B80409CE2792D63300A973B8 /* RoundedTextField.swift in Sources */,
				B848EEC927DE0F1D005C8038 /* FiveDayWeatherSummary.swift in Sources */,
				B870614B279BFD1500DFB70B /* WeatherSummaryViewModel.swift in Sources */,
				B83E619027774889006B23DD /* WeatherError.swift in Sources */,
				B8D3CE5B27B7CD03007D2BC5 /* CustomTableViewCell.swift in Sources */,
				B880CF2027E0BDC20020D681 /* FiveDayWeatherViewModel.swift in Sources */,
			);
			runOnlyForDeploymentPostprocessing = 0;
		};
		B83E615E27774782006B23DD /* Sources */ = {
			isa = PBXSourcesBuildPhase;
			buildActionMask = 2147483647;
			files = (
				B83E616727774782006B23DD /* WeatherStoryboardTests.swift in Sources */,
			);
			runOnlyForDeploymentPostprocessing = 0;
		};
		B83E616927774782006B23DD /* Sources */ = {
			isa = PBXSourcesBuildPhase;
			buildActionMask = 2147483647;
			files = (
				B83E617227774782006B23DD /* WeatherStoryboardUITests.swift in Sources */,
			);
			runOnlyForDeploymentPostprocessing = 0;
		};
/* End PBXSourcesBuildPhase section */

/* Begin PBXTargetDependency section */
		B83E616427774782006B23DD /* PBXTargetDependency */ = {
			isa = PBXTargetDependency;
			target = B83E614B27774781006B23DD /* WeatherStoryboard */;
			targetProxy = B83E616327774782006B23DD /* PBXContainerItemProxy */;
		};
		B83E616F27774782006B23DD /* PBXTargetDependency */ = {
			isa = PBXTargetDependency;
			target = B83E614B27774781006B23DD /* WeatherStoryboard */;
			targetProxy = B83E616E27774782006B23DD /* PBXContainerItemProxy */;
		};
/* End PBXTargetDependency section */

/* Begin PBXVariantGroup section */
		B83E615527774781006B23DD /* Main.storyboard */ = {
			isa = PBXVariantGroup;
			children = (
				B83E615627774781006B23DD /* Base */,
			);
			name = Main.storyboard;
			sourceTree = "<group>";
		};
		B83E615A27774782006B23DD /* LaunchScreen.storyboard */ = {
			isa = PBXVariantGroup;
			children = (
				B83E615B27774782006B23DD /* Base */,
			);
			name = LaunchScreen.storyboard;
			sourceTree = "<group>";
		};
		B842131727E9F94300F1238A /* BottomSheetViewController.xib */ = {
			isa = PBXVariantGroup;
			children = (
				B842131827E9F94300F1238A /* Base */,
			);
			name = BottomSheetViewController.xib;
			sourceTree = "<group>";
		};
		B842131A27E9F94900F1238A /* BottomViewController.xib */ = {
			isa = PBXVariantGroup;
			children = (
				B842131B27E9F94900F1238A /* Base */,
			);
			name = BottomViewController.xib;
			sourceTree = "<group>";
		};
/* End PBXVariantGroup section */

/* Begin XCBuildConfiguration section */
		B83E617427774782006B23DD /* Debug */ = {
			isa = XCBuildConfiguration;
			buildSettings = {
				ALWAYS_SEARCH_USER_PATHS = NO;
				CLANG_ANALYZER_NONNULL = YES;
				CLANG_ANALYZER_NUMBER_OBJECT_CONVERSION = YES_AGGRESSIVE;
				CLANG_CXX_LANGUAGE_STANDARD = "gnu++14";
				CLANG_CXX_LIBRARY = "libc++";
				CLANG_ENABLE_MODULES = YES;
				CLANG_ENABLE_OBJC_ARC = YES;
				CLANG_ENABLE_OBJC_WEAK = YES;
				CLANG_WARN_BLOCK_CAPTURE_AUTORELEASING = YES;
				CLANG_WARN_BOOL_CONVERSION = YES;
				CLANG_WARN_COMMA = YES;
				CLANG_WARN_CONSTANT_CONVERSION = YES;
				CLANG_WARN_DEPRECATED_OBJC_IMPLEMENTATIONS = YES;
				CLANG_WARN_DIRECT_OBJC_ISA_USAGE = YES_ERROR;
				CLANG_WARN_DOCUMENTATION_COMMENTS = YES;
				CLANG_WARN_EMPTY_BODY = YES;
				CLANG_WARN_ENUM_CONVERSION = YES;
				CLANG_WARN_INFINITE_RECURSION = YES;
				CLANG_WARN_INT_CONVERSION = YES;
				CLANG_WARN_NON_LITERAL_NULL_CONVERSION = YES;
				CLANG_WARN_OBJC_IMPLICIT_RETAIN_SELF = YES;
				CLANG_WARN_OBJC_LITERAL_CONVERSION = YES;
				CLANG_WARN_OBJC_ROOT_CLASS = YES_ERROR;
				CLANG_WARN_QUOTED_INCLUDE_IN_FRAMEWORK_HEADER = YES;
				CLANG_WARN_RANGE_LOOP_ANALYSIS = YES;
				CLANG_WARN_STRICT_PROTOTYPES = YES;
				CLANG_WARN_SUSPICIOUS_MOVE = YES;
				CLANG_WARN_UNGUARDED_AVAILABILITY = YES_AGGRESSIVE;
				CLANG_WARN_UNREACHABLE_CODE = YES;
				CLANG_WARN__DUPLICATE_METHOD_MATCH = YES;
				COPY_PHASE_STRIP = NO;
				DEBUG_INFORMATION_FORMAT = dwarf;
				ENABLE_STRICT_OBJC_MSGSEND = YES;
				ENABLE_TESTABILITY = YES;
				GCC_C_LANGUAGE_STANDARD = gnu11;
				GCC_DYNAMIC_NO_PIC = NO;
				GCC_NO_COMMON_BLOCKS = YES;
				GCC_OPTIMIZATION_LEVEL = 0;
				GCC_PREPROCESSOR_DEFINITIONS = (
					"DEBUG=1",
					"$(inherited)",
				);
				GCC_WARN_64_TO_32_BIT_CONVERSION = YES;
				GCC_WARN_ABOUT_RETURN_TYPE = YES_ERROR;
				GCC_WARN_UNDECLARED_SELECTOR = YES;
				GCC_WARN_UNINITIALIZED_AUTOS = YES_AGGRESSIVE;
				GCC_WARN_UNUSED_FUNCTION = YES;
				GCC_WARN_UNUSED_VARIABLE = YES;
				IPHONEOS_DEPLOYMENT_TARGET = 14.5;
				MTL_ENABLE_DEBUG_INFO = INCLUDE_SOURCE;
				MTL_FAST_MATH = YES;
				ONLY_ACTIVE_ARCH = YES;
				SDKROOT = iphoneos;
				SWIFT_ACTIVE_COMPILATION_CONDITIONS = DEBUG;
				SWIFT_OPTIMIZATION_LEVEL = "-Onone";
			};
			name = Debug;
		};
		B83E617527774782006B23DD /* Release */ = {
			isa = XCBuildConfiguration;
			buildSettings = {
				ALWAYS_SEARCH_USER_PATHS = NO;
				CLANG_ANALYZER_NONNULL = YES;
				CLANG_ANALYZER_NUMBER_OBJECT_CONVERSION = YES_AGGRESSIVE;
				CLANG_CXX_LANGUAGE_STANDARD = "gnu++14";
				CLANG_CXX_LIBRARY = "libc++";
				CLANG_ENABLE_MODULES = YES;
				CLANG_ENABLE_OBJC_ARC = YES;
				CLANG_ENABLE_OBJC_WEAK = YES;
				CLANG_WARN_BLOCK_CAPTURE_AUTORELEASING = YES;
				CLANG_WARN_BOOL_CONVERSION = YES;
				CLANG_WARN_COMMA = YES;
				CLANG_WARN_CONSTANT_CONVERSION = YES;
				CLANG_WARN_DEPRECATED_OBJC_IMPLEMENTATIONS = YES;
				CLANG_WARN_DIRECT_OBJC_ISA_USAGE = YES_ERROR;
				CLANG_WARN_DOCUMENTATION_COMMENTS = YES;
				CLANG_WARN_EMPTY_BODY = YES;
				CLANG_WARN_ENUM_CONVERSION = YES;
				CLANG_WARN_INFINITE_RECURSION = YES;
				CLANG_WARN_INT_CONVERSION = YES;
				CLANG_WARN_NON_LITERAL_NULL_CONVERSION = YES;
				CLANG_WARN_OBJC_IMPLICIT_RETAIN_SELF = YES;
				CLANG_WARN_OBJC_LITERAL_CONVERSION = YES;
				CLANG_WARN_OBJC_ROOT_CLASS = YES_ERROR;
				CLANG_WARN_QUOTED_INCLUDE_IN_FRAMEWORK_HEADER = YES;
				CLANG_WARN_RANGE_LOOP_ANALYSIS = YES;
				CLANG_WARN_STRICT_PROTOTYPES = YES;
				CLANG_WARN_SUSPICIOUS_MOVE = YES;
				CLANG_WARN_UNGUARDED_AVAILABILITY = YES_AGGRESSIVE;
				CLANG_WARN_UNREACHABLE_CODE = YES;
				CLANG_WARN__DUPLICATE_METHOD_MATCH = YES;
				COPY_PHASE_STRIP = NO;
				DEBUG_INFORMATION_FORMAT = "dwarf-with-dsym";
				ENABLE_NS_ASSERTIONS = NO;
				ENABLE_STRICT_OBJC_MSGSEND = YES;
				GCC_C_LANGUAGE_STANDARD = gnu11;
				GCC_NO_COMMON_BLOCKS = YES;
				GCC_WARN_64_TO_32_BIT_CONVERSION = YES;
				GCC_WARN_ABOUT_RETURN_TYPE = YES_ERROR;
				GCC_WARN_UNDECLARED_SELECTOR = YES;
				GCC_WARN_UNINITIALIZED_AUTOS = YES_AGGRESSIVE;
				GCC_WARN_UNUSED_FUNCTION = YES;
				GCC_WARN_UNUSED_VARIABLE = YES;
				IPHONEOS_DEPLOYMENT_TARGET = 14.5;
				MTL_ENABLE_DEBUG_INFO = NO;
				MTL_FAST_MATH = YES;
				SDKROOT = iphoneos;
				SWIFT_COMPILATION_MODE = wholemodule;
				SWIFT_OPTIMIZATION_LEVEL = "-O";
				VALIDATE_PRODUCT = YES;
			};
			name = Release;
		};
		B83E617727774782006B23DD /* Debug */ = {
			isa = XCBuildConfiguration;
			baseConfigurationReference = 0AF9CD0A4751D353282EFB53 /* Pods-WeatherStoryboard.debug.xcconfig */;
			buildSettings = {
				ASSETCATALOG_COMPILER_APPICON_NAME = AppIcon;
				ASSETCATALOG_COMPILER_GLOBAL_ACCENT_COLOR_NAME = AccentColor;
				CODE_SIGN_STYLE = Automatic;
				INFOPLIST_FILE = WeatherStoryboard/Info.plist;
				LD_RUNPATH_SEARCH_PATHS = (
					"$(inherited)",
					"@executable_path/Frameworks",
				);
				PRODUCT_BUNDLE_IDENTIFIER = tom.WeatherStoryboard;
				PRODUCT_NAME = "$(TARGET_NAME)";
				SWIFT_VERSION = 5.0;
				TARGETED_DEVICE_FAMILY = "1,2";
			};
			name = Debug;
		};
		B83E617827774782006B23DD /* Release */ = {
			isa = XCBuildConfiguration;
			baseConfigurationReference = 09A26ABAD6CDB93EF0D74362 /* Pods-WeatherStoryboard.release.xcconfig */;
			buildSettings = {
				ASSETCATALOG_COMPILER_APPICON_NAME = AppIcon;
				ASSETCATALOG_COMPILER_GLOBAL_ACCENT_COLOR_NAME = AccentColor;
				CODE_SIGN_STYLE = Automatic;
				INFOPLIST_FILE = WeatherStoryboard/Info.plist;
				LD_RUNPATH_SEARCH_PATHS = (
					"$(inherited)",
					"@executable_path/Frameworks",
				);
				PRODUCT_BUNDLE_IDENTIFIER = tom.WeatherStoryboard;
				PRODUCT_NAME = "$(TARGET_NAME)";
				SWIFT_VERSION = 5.0;
				TARGETED_DEVICE_FAMILY = "1,2";
			};
			name = Release;
		};
		B83E617A27774782006B23DD /* Debug */ = {
			isa = XCBuildConfiguration;
			baseConfigurationReference = 04623402A2338D75689C4A5B /* Pods-WeatherStoryboardTests.debug.xcconfig */;
			buildSettings = {
				ALWAYS_EMBED_SWIFT_STANDARD_LIBRARIES = YES;
				BUNDLE_LOADER = "$(TEST_HOST)";
				CODE_SIGN_STYLE = Automatic;
				INFOPLIST_FILE = WeatherStoryboardTests/Info.plist;
				IPHONEOS_DEPLOYMENT_TARGET = 14.5;
				LD_RUNPATH_SEARCH_PATHS = (
					"$(inherited)",
					"@executable_path/Frameworks",
					"@loader_path/Frameworks",
				);
				PRODUCT_BUNDLE_IDENTIFIER = tom.WeatherStoryboardTests;
				PRODUCT_NAME = "$(TARGET_NAME)";
				SWIFT_VERSION = 5.0;
				TARGETED_DEVICE_FAMILY = "1,2";
				TEST_HOST = "$(BUILT_PRODUCTS_DIR)/WeatherStoryboard.app/WeatherStoryboard";
			};
			name = Debug;
		};
		B83E617B27774782006B23DD /* Release */ = {
			isa = XCBuildConfiguration;
			baseConfigurationReference = 1702278B104D735AF619F827 /* Pods-WeatherStoryboardTests.release.xcconfig */;
			buildSettings = {
				ALWAYS_EMBED_SWIFT_STANDARD_LIBRARIES = YES;
				BUNDLE_LOADER = "$(TEST_HOST)";
				CODE_SIGN_STYLE = Automatic;
				INFOPLIST_FILE = WeatherStoryboardTests/Info.plist;
				IPHONEOS_DEPLOYMENT_TARGET = 14.5;
				LD_RUNPATH_SEARCH_PATHS = (
					"$(inherited)",
					"@executable_path/Frameworks",
					"@loader_path/Frameworks",
				);
				PRODUCT_BUNDLE_IDENTIFIER = tom.WeatherStoryboardTests;
				PRODUCT_NAME = "$(TARGET_NAME)";
				SWIFT_VERSION = 5.0;
				TARGETED_DEVICE_FAMILY = "1,2";
				TEST_HOST = "$(BUILT_PRODUCTS_DIR)/WeatherStoryboard.app/WeatherStoryboard";
			};
			name = Release;
		};
		B83E617D27774782006B23DD /* Debug */ = {
			isa = XCBuildConfiguration;
			baseConfigurationReference = 752D7959A0AFBC55570FE475 /* Pods-WeatherStoryboard-WeatherStoryboardUITests.debug.xcconfig */;
			buildSettings = {
				ALWAYS_EMBED_SWIFT_STANDARD_LIBRARIES = YES;
				CODE_SIGN_STYLE = Automatic;
				INFOPLIST_FILE = WeatherStoryboardUITests/Info.plist;
				LD_RUNPATH_SEARCH_PATHS = (
					"$(inherited)",
					"@executable_path/Frameworks",
					"@loader_path/Frameworks",
				);
				PRODUCT_BUNDLE_IDENTIFIER = tom.WeatherStoryboardUITests;
				PRODUCT_NAME = "$(TARGET_NAME)";
				SWIFT_VERSION = 5.0;
				TARGETED_DEVICE_FAMILY = "1,2";
				TEST_TARGET_NAME = WeatherStoryboard;
			};
			name = Debug;
		};
		B83E617E27774782006B23DD /* Release */ = {
			isa = XCBuildConfiguration;
			baseConfigurationReference = DD32ED42C64C6B72809A29B8 /* Pods-WeatherStoryboard-WeatherStoryboardUITests.release.xcconfig */;
			buildSettings = {
				ALWAYS_EMBED_SWIFT_STANDARD_LIBRARIES = YES;
				CODE_SIGN_STYLE = Automatic;
				INFOPLIST_FILE = WeatherStoryboardUITests/Info.plist;
				LD_RUNPATH_SEARCH_PATHS = (
					"$(inherited)",
					"@executable_path/Frameworks",
					"@loader_path/Frameworks",
				);
				PRODUCT_BUNDLE_IDENTIFIER = tom.WeatherStoryboardUITests;
				PRODUCT_NAME = "$(TARGET_NAME)";
				SWIFT_VERSION = 5.0;
				TARGETED_DEVICE_FAMILY = "1,2";
				TEST_TARGET_NAME = WeatherStoryboard;
			};
			name = Release;
		};
/* End XCBuildConfiguration section */

/* Begin XCConfigurationList section */
		B83E614727774781006B23DD /* Build configuration list for PBXProject "WeatherStoryboard" */ = {
			isa = XCConfigurationList;
			buildConfigurations = (
				B83E617427774782006B23DD /* Debug */,
				B83E617527774782006B23DD /* Release */,
			);
			defaultConfigurationIsVisible = 0;
			defaultConfigurationName = Release;
		};
		B83E617627774782006B23DD /* Build configuration list for PBXNativeTarget "WeatherStoryboard" */ = {
			isa = XCConfigurationList;
			buildConfigurations = (
				B83E617727774782006B23DD /* Debug */,
				B83E617827774782006B23DD /* Release */,
			);
			defaultConfigurationIsVisible = 0;
			defaultConfigurationName = Release;
		};
		B83E617927774782006B23DD /* Build configuration list for PBXNativeTarget "WeatherStoryboardTests" */ = {
			isa = XCConfigurationList;
			buildConfigurations = (
				B83E617A27774782006B23DD /* Debug */,
				B83E617B27774782006B23DD /* Release */,
			);
			defaultConfigurationIsVisible = 0;
			defaultConfigurationName = Release;
		};
		B83E617C27774782006B23DD /* Build configuration list for PBXNativeTarget "WeatherStoryboardUITests" */ = {
			isa = XCConfigurationList;
			buildConfigurations = (
				B83E617D27774782006B23DD /* Debug */,
				B83E617E27774782006B23DD /* Release */,
			);
			defaultConfigurationIsVisible = 0;
			defaultConfigurationName = Release;
		};
/* End XCConfigurationList section */
	};
	rootObject = B83E614427774781006B23DD /* Project object */;
}
